
Microsoft Visual Studio Solution File, Format Version 12.00
# Visual Studio Version 16
VisualStudioVersion = 16.0.30804.86
MinimumVisualStudioVersion = 10.0.40219.1
Project("{FAE04EC0-301F-11D3-BF4B-00C04F79EFBC}") = "AreaOfFinder", "AreaOfFinder\AreaOfFinder.csproj", "{9FC9F917-88B3-465D-BA3C-835EADFD1C66}"
EndProject
Project("{FAE04EC0-301F-11D3-BF4B-00C04F79EFBC}") = "TestAreaOfFinder", "TestAreaOfFinder\TestAreaOfFinder.csproj", "{21B37CA8-D826-4B15-8E73-18708DD34A18}"
EndProject
Global
	GlobalSection(SolutionConfigurationPlatforms) = preSolution
		Debug|Any CPU = Debug|Any CPU
		Release|Any CPU = Release|Any CPU
	EndGlobalSection
	GlobalSection(ProjectConfigurationPlatforms) = postSolution
		{9FC9F917-88B3-465D-BA3C-835EADFD1C66}.Debug|Any CPU.ActiveCfg = Debug|Any CPU
		{9FC9F917-88B3-465D-BA3C-835EADFD1C66}.Debug|Any CPU.Build.0 = Debug|Any CPU
		{9FC9F917-88B3-465D-BA3C-835EADFD1C66}.Release|Any CPU.ActiveCfg = Release|Any CPU
		{9FC9F917-88B3-465D-BA3C-835EADFD1C66}.Release|Any CPU.Build.0 = Release|Any CPU
		{21B37CA8-D826-4B15-8E73-18708DD34A18}.Debug|Any CPU.ActiveCfg = Debug|Any CPU
		{21B37CA8-D826-4B15-8E73-18708DD34A18}.Debug|Any CPU.Build.0 = Debug|Any CPU
		{21B37CA8-D826-4B15-8E73-18708DD34A18}.Release|Any CPU.ActiveCfg = Release|Any CPU
		{21B37CA8-D826-4B15-8E73-18708DD34A18}.Release|Any CPU.Build.0 = Release|Any CPU
	EndGlobalSection
	GlobalSection(SolutionProperties) = preSolution
		HideSolutionNode = FALSE
	EndGlobalSection
	GlobalSection(ExtensibilityGlobals) = postSolution
		SolutionGuid = {222F944E-3730-402F-AF54-11543BA74931}
	EndGlobalSection
EndGlobal
